
Microsoft Visual Studio Solution File, Format Version 11.00
# Visual Studio 2010
Project("{FAE04EC0-301F-11D3-BF4B-00C04F79EFBC}") = "Autowire", "Autowire\Autowire.csproj", "{60767409-16FC-4E0A-A352-375FE281FFE5}"
EndProject
Project("{FAE04EC0-301F-11D3-BF4B-00C04F79EFBC}") = "Autowire.Tests", "Autowire.Tests\Autowire.Tests.csproj", "{533434BB-37AB-4C9A-85A6-2627F50C76B1}"
EndProject
Global
	GlobalSection(SolutionConfigurationPlatforms) = preSolution
		Debug|Any CPU = Debug|Any CPU
		Release|Any CPU = Release|Any CPU
	EndGlobalSection
	GlobalSection(ProjectConfigurationPlatforms) = postSolution
		{60767409-16FC-4E0A-A352-375FE281FFE5}.Debug|Any CPU.ActiveCfg = Debug|Any CPU
		{60767409-16FC-4E0A-A352-375FE281FFE5}.Debug|Any CPU.Build.0 = Debug|Any CPU
		{60767409-16FC-4E0A-A352-375FE281FFE5}.Release|Any CPU.ActiveCfg = Release|Any CPU
		{60767409-16FC-4E0A-A352-375FE281FFE5}.Release|Any CPU.Build.0 = Release|Any CPU
		{533434BB-37AB-4C9A-85A6-2627F50C76B1}.Debug|Any CPU.ActiveCfg = Debug|Any CPU
		{533434BB-37AB-4C9A-85A6-2627F50C76B1}.Debug|Any CPU.Build.0 = Debug|Any CPU
		{533434BB-37AB-4C9A-85A6-2627F50C76B1}.Release|Any CPU.ActiveCfg = Release|Any CPU
		{533434BB-37AB-4C9A-85A6-2627F50C76B1}.Release|Any CPU.Build.0 = Release|Any CPU
	EndGlobalSection
	GlobalSection(SolutionProperties) = preSolution
		HideSolutionNode = FALSE
	EndGlobalSection
EndGlobal
